Microsoft Visual Studio Solution File, Format Version 12.00
# Visual Studio Version 17
VisualStudioVersion = 17.0.31903.59
MinimumVisualStudioVersion = 10.0.40219.1
Project("{9A19103F-16F7-4668-BE54-9A1E7A4F7556}") = "AktieScraper", "AktieScraper\AktieScraper.csproj", "{E3F4F3B1-9D6A-4A3A-8F3A-1E5F5F5F5F5F}"
EndProject
Project("{9A19103F-16F7-4668-BE54-9A1E7A4F7556}") = "AktieAnalyzer", "AktieAnalyzer\AktieAnalyzer.csproj", "{F4F4F4F4-4F4F-4F4F-4F4F-4F4F4F4F4F4F}"
EndProject
Project("{9A19103F-16F7-4668-BE54-9A1E7A4F7556}") = "StockData.Common", "StockData.Common\StockData.Common.csproj", "{C1C1C1C1-1C1C-1C1C-1C1C-1C1C1C1C1C1C}"
EndProject
Global
	GlobalSection(SolutionConfigurationPlatforms) = preSolution
		Debug|Any CPU = Debug|Any CPU
		Release|Any CPU = Release|Any CPU
	EndGlobalSection
	GlobalSection(ProjectConfigurationPlatforms) = postSolution
		{E3F4F3B1-9D6A-4A3A-8F3A-1E5F5F5F5F5F}.Debug|Any CPU.ActiveCfg = Debug|Any CPU
		{E3F4F3B1-9D6A-4A3A-8F3A-1E5F5F5F5F5F}.Debug|Any CPU.Build.0 = Debug|Any CPU
		{E3F4F3B1-9D6A-4A3A-8F3A-1E5F5F5F5F5F}.Release|Any CPU.ActiveCfg = Release|Any CPU
		{E3F4F3B1-9D6A-4A3A-8F3A-1E5F5F5F5F5F}.Release|Any CPU.Build.0 = Release|Any CPU
		{F4F4F4F4-4F4F-4F4F-4F4F-4F4F4F4F4F4F}.Debug|Any CPU.ActiveCfg = Debug|Any CPU
		{F4F4F4F4-4F4F-4F4F-4F4F-4F4F4F4F4F4F}.Debug|Any CPU.Build.0 = Debug|Any CPU
		{F4F4F4F4-4F4F-4F4F-4F4F-4F4F4F4F4F4F}.Release|Any CPU.ActiveCfg = Release|Any CPU
		{F4F4F4F4-4F4F-4F4F-4F4F-4F4F4F4F4F4F}.Release|Any CPU.Build.0 = Release|Any CPU
		{C1C1C1C1-1C1C-1C1C-1C1C-1C1C1C1C1C1C}.Debug|Any CPU.ActiveCfg = Debug|Any CPU
		{C1C1C1C1-1C1C-1C1C-1C1C-1C1C1C1C1C1C}.Debug|Any CPU.Build.0 = Debug|Any CPU
		{C1C1C1C1-1C1C-1C1C-1C1C-1C1C1C1C1C1C}.Release|Any CPU.ActiveCfg = Release|Any CPU
		{C1C1C1C1-1C1C-1C1C-1C1C-1C1C1C1C1C1C}.Release|Any CPU.Build.0 = Release|Any CPU
	EndGlobalSection
	GlobalSection(SolutionProperties) = preSolution
		HideSolutionNode = FALSE
	EndGlobalSection
EndGlobal